<?xml version="1.0" encoding="utf-8"?>
<Project ToolsVersion="4.0" xmlns="http://schemas.microsoft.com/developer/msbuild/2003">
  <ItemGroup>
    <Filter Include="Source Files">
      <UniqueIdentifier>{4FC737F1-C7A5-4376-A066-2A32D752A2FF}</UniqueIdentifier>
      <Extensions>cpp;c;cc;cxx;def;odl;idl;hpj;bat;asm;asmx</Extensions>
    </Filter>
    <Filter Include="Header Files">
      <UniqueIdentifier>{93995380-89BD-4b04-88EB-625FBE52EBFB}</UniqueIdentifier>
      <Extensions>h;hh;hpp;hxx;hm;inl;inc;ipp;xsd</Extensions>
    </Filter>
    <Filter Include="Resource Files">
      <UniqueIdentifier>{67DA6AB6-F800-4c08-8B7A-83BB121AAD01}</UniqueIdentifier>
      <Extensions>rc;ico;cur;bmp;dlg;rc2;rct;bin;rgs;gif;jpg;jpeg;jpe;resx;tiff;tif;png;wav;mfcribbon-ms</Extensions>
    </Filter>
  </ItemGroup>
  <ItemGroup>
    <ClCompile Include="..\..\glad\src\glad.c">
      <Filter>Source Files</Filter>
    </ClCompile>
    <ClCompile Include="Rendering\Window.cpp">
      <Filter>Source Files</Filter>
    </ClCompile>
    <ClCompile Include="Main.cpp">
      <Filter>Source Files</Filter>
    </ClCompile>
    <ClCompile Include="Shaders\Shader.cpp">
      <Filter>Source Files</Filter>
    </ClCompile>
    <ClCompile Include="Utilities\stb_image.cpp">
      <Filter>Source Files</Filter>
    </ClCompile>
    <ClCompile Include="Utilities\Loader.cpp">
      <Filter>Source Files</Filter>
    </ClCompile>
    <ClCompile Include="Models\Model.cpp">
      <Filter>Source Files</Filter>
    </ClCompile>
    <ClCompile Include="Models\TexturedModel.cpp">
      <Filter>Source Files</Filter>
    </ClCompile>
    <ClCompile Include="Rendering\World\World.cpp">
      <Filter>Source Files</Filter>
    </ClCompile>
    <ClCompile Include="Tile.cpp">
      <Filter>Source Files</Filter>
    </ClCompile>
    <ClCompile Include="Textures\Font.cpp">
      <Filter>Source Files</Filter>
    </ClCompile>
  </ItemGroup>
  <ItemGroup>
    <None Include="Shaders\Fragment\opacity_lerp_triangle.frag" />
    <None Include="Shaders\Fragment\simple_triangle.frag">
      <Filter>Source Files</Filter>
    </None>
    <None Include="Shaders\Fragment\simple_triangle2.frag" />
    <None Include="Shaders\Vertex\opacity_lerp_triangle.vert" />
    <None Include="Shaders\Vertex\simple_triangle.vert">
      <Filter>Source Files</Filter>
    </None>
    <None Include="Shaders\Vertex\simple_triangle2.vert" />
    <None Include="Shaders\Fragment\simple_quad.frag" />
    <None Include="Shaders\Vertex\simple_quad.vert" />
    <None Include="Shaders\Fragment\cube.frag" />
    <None Include="Shaders\Vertex\cube.vert" />
    <None Include="Shaders\Fragment\cube_chunk.frag" />
    <None Include="Shaders\Vertex\cube_chunk.vert" />
  </ItemGroup>
  <ItemGroup>
    <ClInclude Include="Rendering\Window.h">
      <Filter>Header Files</Filter>
    </ClInclude>
    <ClInclude Include="Shaders\Shader.h">
      <Filter>Header Files</Filter>
    </ClInclude>
    <ClInclude Include="Utilities\FileSystem.h">
      <Filter>Header Files</Filter>
    </ClInclude>
    <ClInclude Include="Utilities\stb_image.h">
      <Filter>Header Files</Filter>
    </ClInclude>
    <ClInclude Include="Utilities\Loader.h">
      <Filter>Header Files</Filter>
    </ClInclude>
    <ClInclude Include="Models\Model.h">
      <Filter>Header Files</Filter>
    </ClInclude>
    <ClInclude Include="Models\TexturedModel.h">
      <Filter>Header Files</Filter>
    </ClInclude>
    <ClInclude Include="Rendering\Chunk.h">
      <Filter>Header Files</Filter>
    </ClInclude>
    <ClInclude Include="Rendering\World\World.h">
      <Filter>Header Files</Filter>
    </ClInclude>
    <ClInclude Include="Tile.h">
      <Filter>Header Files</Filter>
    </ClInclude>
    <ClInclude Include="Textures\Font.h">
      <Filter>Header Files</Filter>
    </ClInclude>
  </ItemGroup>
  <ItemGroup>
    <Image Include="Textures\dank.jpg">
      <Filter>Resource Files</Filter>
    </Image>
  </ItemGroup>
</Project>